
Microsoft Visual Studio Solution File, Format Version 12.00
# Visual Studio Version 17
VisualStudioVersion = 17.7.34031.279
MinimumVisualStudioVersion = 10.0.40219.1
Project("{2150E333-8FDC-42A3-9474-1A3956D46DE8}") = "Services", "Services", "{D1B2466D-DFD7-4D7B-946B-4E8BF8F78C45}"
EndProject
Project("{2150E333-8FDC-42A3-9474-1A3956D46DE8}") = "Catalog", "Catalog", "{BB088A3E-8CF9-45A5-B413-D73A20A610C3}"
EndProject
Project("{FAE04EC0-301F-11D3-BF4B-00C04F79EFBC}") = "Catalog.API", "Services\Catalog\Catalog.API\Catalog.API.csproj", "{10ACEFD3-5ACD-4BD5-89D1-4FD2F685B74F}"
EndProject
Project("{FAE04EC0-301F-11D3-BF4B-00C04F79EFBC}") = "Catalog.Application", "Services\Catalog\Catalog.Application\Catalog.Application.csproj", "{AF5EFD9C-5E05-4250-B6BD-600A317DA729}"
EndProject
Project("{FAE04EC0-301F-11D3-BF4B-00C04F79EFBC}") = "Catalog.Infrastructure", "Services\Catalog\Catalog.Infrastructure\Catalog.Infrastructure.csproj", "{F40CF37A-E3BE-4E7B-A874-43440BEB6134}"
EndProject
Project("{FAE04EC0-301F-11D3-BF4B-00C04F79EFBC}") = "Catalog.Core", "Services\Catalog\Catalog.Core\Catalog.Core.csproj", "{86E2EA06-361E-4204-90D0-53D780085ED1}"
EndProject
Project("{E53339B2-1760-4266-BCC7-CA923CBCF16C}") = "docker-compose", "docker-compose.dcproj", "{81DDED9D-158B-E303-5F62-77A2896D2A5A}"
EndProject
Project("{2150E333-8FDC-42A3-9474-1A3956D46DE8}") = "Basket", "Basket", "{EA944B2A-3047-41C6-87DD-FE3383A35614}"
EndProject
Project("{FAE04EC0-301F-11D3-BF4B-00C04F79EFBC}") = "Basket.API", "Services\Basket\Basket.API\Basket.API.csproj", "{C19F21E1-D203-4CC6-B570-1AEECA577518}"
EndProject
Project("{FAE04EC0-301F-11D3-BF4B-00C04F79EFBC}") = "Basket.Core", "Services\Basket\Basket.Core\Basket.Core.csproj", "{18525DBF-43D0-4861-8D0E-3FC9FAC7D1A6}"
EndProject
Project("{FAE04EC0-301F-11D3-BF4B-00C04F79EFBC}") = "Basket.Application", "Services\Basket\Basket.Application\Basket.Application.csproj", "{475EE7DE-79A6-4DA8-83A2-96E9CEF72F6A}"
EndProject
Project("{FAE04EC0-301F-11D3-BF4B-00C04F79EFBC}") = "Basket.Infrastructure", "Services\Basket\Basket.Infrastructure\Basket.Infrastructure.csproj", "{F67AE8F8-F51B-4E3E-B38C-914F7C4F0969}"
EndProject
Project("{2150E333-8FDC-42A3-9474-1A3956D46DE8}") = "Discount", "Discount", "{8F43A5D6-A404-4A41-9F14-381D4123F7F3}"
EndProject
Project("{FAE04EC0-301F-11D3-BF4B-00C04F79EFBC}") = "Discount.API", "Services\Discount\Discount.API\Discount.API.csproj", "{0CE58648-77E9-4F7E-96B2-E0FC95F406DF}"
EndProject
Project("{FAE04EC0-301F-11D3-BF4B-00C04F79EFBC}") = "Discount.Application", "Services\Discount\Discount.Application\Discount.Application.csproj", "{485DC699-A513-48CE-90AB-1368C7B041B3}"
EndProject
Project("{FAE04EC0-301F-11D3-BF4B-00C04F79EFBC}") = "Discount.Core", "Services\Discount\Discount.Core\Discount.Core.csproj", "{50642E84-1E7F-429E-BF2D-1E0422F35A5C}"
EndProject
Project("{FAE04EC0-301F-11D3-BF4B-00C04F79EFBC}") = "Discount.Infrastructure", "Services\Discount\Discount.Infrastructure\Discount.Infrastructure.csproj", "{89D79365-CE3F-4DC2-B40B-409E429FF18C}"
EndProject
Global
	GlobalSection(SolutionConfigurationPlatforms) = preSolution
		Debug|Any CPU = Debug|Any CPU
		Release|Any CPU = Release|Any CPU
	EndGlobalSection
	GlobalSection(ProjectConfigurationPlatforms) = postSolution
		{10ACEFD3-5ACD-4BD5-89D1-4FD2F685B74F}.Debug|Any CPU.ActiveCfg = Debug|Any CPU
		{10ACEFD3-5ACD-4BD5-89D1-4FD2F685B74F}.Debug|Any CPU.Build.0 = Debug|Any CPU
		{10ACEFD3-5ACD-4BD5-89D1-4FD2F685B74F}.Release|Any CPU.ActiveCfg = Release|Any CPU
		{10ACEFD3-5ACD-4BD5-89D1-4FD2F685B74F}.Release|Any CPU.Build.0 = Release|Any CPU
		{AF5EFD9C-5E05-4250-B6BD-600A317DA729}.Debug|Any CPU.ActiveCfg = Debug|Any CPU
		{AF5EFD9C-5E05-4250-B6BD-600A317DA729}.Debug|Any CPU.Build.0 = Debug|Any CPU
		{AF5EFD9C-5E05-4250-B6BD-600A317DA729}.Release|Any CPU.ActiveCfg = Release|Any CPU
		{AF5EFD9C-5E05-4250-B6BD-600A317DA729}.Release|Any CPU.Build.0 = Release|Any CPU
		{F40CF37A-E3BE-4E7B-A874-43440BEB6134}.Debug|Any CPU.ActiveCfg = Debug|Any CPU
		{F40CF37A-E3BE-4E7B-A874-43440BEB6134}.Debug|Any CPU.Build.0 = Debug|Any CPU
		{F40CF37A-E3BE-4E7B-A874-43440BEB6134}.Release|Any CPU.ActiveCfg = Release|Any CPU
		{F40CF37A-E3BE-4E7B-A874-43440BEB6134}.Release|Any CPU.Build.0 = Release|Any CPU
		{86E2EA06-361E-4204-90D0-53D780085ED1}.Debug|Any CPU.ActiveCfg = Debug|Any CPU
		{86E2EA06-361E-4204-90D0-53D780085ED1}.Debug|Any CPU.Build.0 = Debug|Any CPU
		{86E2EA06-361E-4204-90D0-53D780085ED1}.Release|Any CPU.ActiveCfg = Release|Any CPU
		{86E2EA06-361E-4204-90D0-53D780085ED1}.Release|Any CPU.Build.0 = Release|Any CPU
		{81DDED9D-158B-E303-5F62-77A2896D2A5A}.Debug|Any CPU.ActiveCfg = Debug|Any CPU
		{81DDED9D-158B-E303-5F62-77A2896D2A5A}.Debug|Any CPU.Build.0 = Debug|Any CPU
		{81DDED9D-158B-E303-5F62-77A2896D2A5A}.Release|Any CPU.ActiveCfg = Release|Any CPU
		{81DDED9D-158B-E303-5F62-77A2896D2A5A}.Release|Any CPU.Build.0 = Release|Any CPU
		{C19F21E1-D203-4CC6-B570-1AEECA577518}.Debug|Any CPU.ActiveCfg = Debug|Any CPU
		{C19F21E1-D203-4CC6-B570-1AEECA577518}.Debug|Any CPU.Build.0 = Debug|Any CPU
		{C19F21E1-D203-4CC6-B570-1AEECA577518}.Release|Any CPU.ActiveCfg = Release|Any CPU
		{C19F21E1-D203-4CC6-B570-1AEECA577518}.Release|Any CPU.Build.0 = Release|Any CPU
		{18525DBF-43D0-4861-8D0E-3FC9FAC7D1A6}.Debug|Any CPU.ActiveCfg = Debug|Any CPU
		{18525DBF-43D0-4861-8D0E-3FC9FAC7D1A6}.Debug|Any CPU.Build.0 = Debug|Any CPU
		{18525DBF-43D0-4861-8D0E-3FC9FAC7D1A6}.Release|Any CPU.ActiveCfg = Release|Any CPU
		{18525DBF-43D0-4861-8D0E-3FC9FAC7D1A6}.Release|Any CPU.Build.0 = Release|Any CPU
		{475EE7DE-79A6-4DA8-83A2-96E9CEF72F6A}.Debug|Any CPU.ActiveCfg = Debug|Any CPU
		{475EE7DE-79A6-4DA8-83A2-96E9CEF72F6A}.Debug|Any CPU.Build.0 = Debug|Any CPU
		{475EE7DE-79A6-4DA8-83A2-96E9CEF72F6A}.Release|Any CPU.ActiveCfg = Release|Any CPU
		{475EE7DE-79A6-4DA8-83A2-96E9CEF72F6A}.Release|Any CPU.Build.0 = Release|Any CPU
		{F67AE8F8-F51B-4E3E-B38C-914F7C4F0969}.Debug|Any CPU.ActiveCfg = Debug|Any CPU
		{F67AE8F8-F51B-4E3E-B38C-914F7C4F0969}.Debug|Any CPU.Build.0 = Debug|Any CPU
		{F67AE8F8-F51B-4E3E-B38C-914F7C4F0969}.Release|Any CPU.ActiveCfg = Release|Any CPU
		{F67AE8F8-F51B-4E3E-B38C-914F7C4F0969}.Release|Any CPU.Build.0 = Release|Any CPU
		{0CE58648-77E9-4F7E-96B2-E0FC95F406DF}.Debug|Any CPU.ActiveCfg = Debug|Any CPU
		{0CE58648-77E9-4F7E-96B2-E0FC95F406DF}.Debug|Any CPU.Build.0 = Debug|Any CPU
		{0CE58648-77E9-4F7E-96B2-E0FC95F406DF}.Release|Any CPU.ActiveCfg = Release|Any CPU
		{0CE58648-77E9-4F7E-96B2-E0FC95F406DF}.Release|Any CPU.Build.0 = Release|Any CPU
		{485DC699-A513-48CE-90AB-1368C7B041B3}.Debug|Any CPU.ActiveCfg = Debug|Any CPU
		{485DC699-A513-48CE-90AB-1368C7B041B3}.Debug|Any CPU.Build.0 = Debug|Any CPU
		{485DC699-A513-48CE-90AB-1368C7B041B3}.Release|Any CPU.ActiveCfg = Release|Any CPU
		{485DC699-A513-48CE-90AB-1368C7B041B3}.Release|Any CPU.Build.0 = Release|Any CPU
		{50642E84-1E7F-429E-BF2D-1E0422F35A5C}.Debug|Any CPU.ActiveCfg = Debug|Any CPU
		{50642E84-1E7F-429E-BF2D-1E0422F35A5C}.Debug|Any CPU.Build.0 = Debug|Any CPU
		{50642E84-1E7F-429E-BF2D-1E0422F35A5C}.Release|Any CPU.ActiveCfg = Release|Any CPU
		{50642E84-1E7F-429E-BF2D-1E0422F35A5C}.Release|Any CPU.Build.0 = Release|Any CPU
		{89D79365-CE3F-4DC2-B40B-409E429FF18C}.Debug|Any CPU.ActiveCfg = Debug|Any CPU
		{89D79365-CE3F-4DC2-B40B-409E429FF18C}.Debug|Any CPU.Build.0 = Debug|Any CPU
		{89D79365-CE3F-4DC2-B40B-409E429FF18C}.Release|Any CPU.ActiveCfg = Release|Any CPU
		{89D79365-CE3F-4DC2-B40B-409E429FF18C}.Release|Any CPU.Build.0 = Release|Any CPU
	EndGlobalSection
	GlobalSection(SolutionProperties) = preSolution
		HideSolutionNode = FALSE
	EndGlobalSection
	GlobalSection(NestedProjects) = preSolution
		{BB088A3E-8CF9-45A5-B413-D73A20A610C3} = {D1B2466D-DFD7-4D7B-946B-4E8BF8F78C45}
		{10ACEFD3-5ACD-4BD5-89D1-4FD2F685B74F} = {BB088A3E-8CF9-45A5-B413-D73A20A610C3}
		{AF5EFD9C-5E05-4250-B6BD-600A317DA729} = {BB088A3E-8CF9-45A5-B413-D73A20A610C3}
		{F40CF37A-E3BE-4E7B-A874-43440BEB6134} = {BB088A3E-8CF9-45A5-B413-D73A20A610C3}
		{86E2EA06-361E-4204-90D0-53D780085ED1} = {BB088A3E-8CF9-45A5-B413-D73A20A610C3}
		{EA944B2A-3047-41C6-87DD-FE3383A35614} = {D1B2466D-DFD7-4D7B-946B-4E8BF8F78C45}
		{C19F21E1-D203-4CC6-B570-1AEECA577518} = {EA944B2A-3047-41C6-87DD-FE3383A35614}
		{18525DBF-43D0-4861-8D0E-3FC9FAC7D1A6} = {EA944B2A-3047-41C6-87DD-FE3383A35614}
		{475EE7DE-79A6-4DA8-83A2-96E9CEF72F6A} = {EA944B2A-3047-41C6-87DD-FE3383A35614}
		{F67AE8F8-F51B-4E3E-B38C-914F7C4F0969} = {EA944B2A-3047-41C6-87DD-FE3383A35614}
		{8F43A5D6-A404-4A41-9F14-381D4123F7F3} = {D1B2466D-DFD7-4D7B-946B-4E8BF8F78C45}
		{0CE58648-77E9-4F7E-96B2-E0FC95F406DF} = {8F43A5D6-A404-4A41-9F14-381D4123F7F3}
		{485DC699-A513-48CE-90AB-1368C7B041B3} = {8F43A5D6-A404-4A41-9F14-381D4123F7F3}
		{50642E84-1E7F-429E-BF2D-1E0422F35A5C} = {8F43A5D6-A404-4A41-9F14-381D4123F7F3}
		{89D79365-CE3F-4DC2-B40B-409E429FF18C} = {8F43A5D6-A404-4A41-9F14-381D4123F7F3}
	EndGlobalSection
	GlobalSection(ExtensibilityGlobals) = postSolution
		SolutionGuid = {CBE71C0D-1AEA-4A08-B5BD-C525B866BFA2}
	EndGlobalSection
EndGlobal
